
Microsoft Visual Studio Solution File, Format Version 12.00
# Visual Studio Version 16
VisualStudioVersion = 16.0.30611.23
MinimumVisualStudioVersion = 10.0.40219.1
Project("{FAE04EC0-301F-11D3-BF4B-00C04F79EFBC}") = "ComicBookGallery", "ComicBookGallery\ComicBookGallery.csproj", "{9A9E4B80-DBAA-49F4-A982-F9461951896B}"
EndProject
Global
	GlobalSection(SolutionConfigurationPlatforms) = preSolution
		Debug|Any CPU = Debug|Any CPU
		Release|Any CPU = Release|Any CPU
	EndGlobalSection
	GlobalSection(ProjectConfigurationPlatforms) = postSolution
		{9A9E4B80-DBAA-49F4-A982-F9461951896B}.Debug|Any CPU.ActiveCfg = Debug|Any CPU
		{9A9E4B80-DBAA-49F4-A982-F9461951896B}.Debug|Any CPU.Build.0 = Debug|Any CPU
		{9A9E4B80-DBAA-49F4-A982-F9461951896B}.Release|Any CPU.ActiveCfg = Release|Any CPU
		{9A9E4B80-DBAA-49F4-A982-F9461951896B}.Release|Any CPU.Build.0 = Release|Any CPU
	EndGlobalSection
	GlobalSection(SolutionProperties) = preSolution
		HideSolutionNode = FALSE
	EndGlobalSection
	GlobalSection(ExtensibilityGlobals) = postSolution
		SolutionGuid = {9243C670-765E-48F6-9166-C3A9D09F5E63}
	EndGlobalSection
EndGlobal
